
Microsoft Visual Studio Solution File, Format Version 12.00
# Visual Studio Version 17
VisualStudioVersion = 17.8.34330.188
MinimumVisualStudioVersion = 10.0.40219.1
Project("{FAE04EC0-301F-11D3-BF4B-00C04F79EFBC}") = "Atividade7", "Atividade7\Atividade7.csproj", "{06627A89-4810-4F8E-AE8F-9DDB8480AADA}"
EndProject
Global
	GlobalSection(SolutionConfigurationPlatforms) = preSolution
		Debug|Any CPU = Debug|Any CPU
		Release|Any CPU = Release|Any CPU
	EndGlobalSection
	GlobalSection(ProjectConfigurationPlatforms) = postSolution
		{06627A89-4810-4F8E-AE8F-9DDB8480AADA}.Debug|Any CPU.ActiveCfg = Debug|Any CPU
		{06627A89-4810-4F8E-AE8F-9DDB8480AADA}.Debug|Any CPU.Build.0 = Debug|Any CPU
		{06627A89-4810-4F8E-AE8F-9DDB8480AADA}.Release|Any CPU.ActiveCfg = Release|Any CPU
		{06627A89-4810-4F8E-AE8F-9DDB8480AADA}.Release|Any CPU.Build.0 = Release|Any CPU
	EndGlobalSection
	GlobalSection(SolutionProperties) = preSolution
		HideSolutionNode = FALSE
	EndGlobalSection
	GlobalSection(ExtensibilityGlobals) = postSolution
		SolutionGuid = {BA44B011-A50F-4C3B-8397-8E6F7EA6611D}
	EndGlobalSection
EndGlobal
