
Microsoft Visual Studio Solution File, Format Version 12.00
# Visual Studio Version 17
VisualStudioVersion = 17.8.34330.188
MinimumVisualStudioVersion = 10.0.40219.1
Project("{FAE04EC0-301F-11D3-BF4B-00C04F79EFBC}") = "Atividade8", "Atividade8\Atividade8.csproj", "{C706FBA3-02CE-4783-BA63-59A3942D337C}"
EndProject
Global
	GlobalSection(SolutionConfigurationPlatforms) = preSolution
		Debug|Any CPU = Debug|Any CPU
		Release|Any CPU = Release|Any CPU
	EndGlobalSection
	GlobalSection(ProjectConfigurationPlatforms) = postSolution
		{C706FBA3-02CE-4783-BA63-59A3942D337C}.Debug|Any CPU.ActiveCfg = Debug|Any CPU
		{C706FBA3-02CE-4783-BA63-59A3942D337C}.Debug|Any CPU.Build.0 = Debug|Any CPU
		{C706FBA3-02CE-4783-BA63-59A3942D337C}.Release|Any CPU.ActiveCfg = Release|Any CPU
		{C706FBA3-02CE-4783-BA63-59A3942D337C}.Release|Any CPU.Build.0 = Release|Any CPU
	EndGlobalSection
	GlobalSection(SolutionProperties) = preSolution
		HideSolutionNode = FALSE
	EndGlobalSection
	GlobalSection(ExtensibilityGlobals) = postSolution
		SolutionGuid = {F4FBBD93-93C2-40BC-B812-DD4253A69D91}
	EndGlobalSection
EndGlobal
